
Microsoft Visual Studio Solution File, Format Version 12.00
# Visual Studio 2012
Project("{FAE04EC0-301F-11D3-BF4B-00C04F79EFBC}") = "PracticeApp.iOS", "iOS\PracticeApp.iOS.csproj", "{00610CBE-0B47-48E0-9D0E-FA60FC6E53DB}"
EndProject
Project("{FAE04EC0-301F-11D3-BF4B-00C04F79EFBC}") = "PracticeApp.Droid", "Droid\PracticeApp.Droid.csproj", "{B13149AD-3E07-425A-941A-91432004CFCB}"
EndProject
Project("{FAE04EC0-301F-11D3-BF4B-00C04F79EFBC}") = "PracticeApp", "PracticeApp\PracticeApp.csproj", "{36C3729E-29E3-490C-8E82-76B9F052091C}"
EndProject
Project("{FAE04EC0-301F-11D3-BF4B-00C04F79EFBC}") = "PracticeApp.UITests", "UITests\PracticeApp.UITests.csproj", "{D52B17D5-B671-4429-88E1-A90BC1F363F5}"
EndProject
Global
	GlobalSection(SolutionConfigurationPlatforms) = preSolution
		Debug|iPhoneSimulator = Debug|iPhoneSimulator
		Release|iPhone = Release|iPhone
		Release|iPhoneSimulator = Release|iPhoneSimulator
		Debug|iPhone = Debug|iPhone
		Debug|Any CPU = Debug|Any CPU
		Release|Any CPU = Release|Any CPU
	EndGlobalSection
	GlobalSection(ProjectConfigurationPlatforms) = postSolution
		{00610CBE-0B47-48E0-9D0E-FA60FC6E53DB}.Debug|Any CPU.ActiveCfg = Debug|iPhoneSimulator
		{00610CBE-0B47-48E0-9D0E-FA60FC6E53DB}.Debug|Any CPU.Build.0 = Debug|iPhoneSimulator
		{00610CBE-0B47-48E0-9D0E-FA60FC6E53DB}.Debug|iPhone.ActiveCfg = Debug|iPhone
		{00610CBE-0B47-48E0-9D0E-FA60FC6E53DB}.Debug|iPhone.Build.0 = Debug|iPhone
		{00610CBE-0B47-48E0-9D0E-FA60FC6E53DB}.Debug|iPhoneSimulator.ActiveCfg = Debug|iPhoneSimulator
		{00610CBE-0B47-48E0-9D0E-FA60FC6E53DB}.Debug|iPhoneSimulator.Build.0 = Debug|iPhoneSimulator
		{00610CBE-0B47-48E0-9D0E-FA60FC6E53DB}.Release|Any CPU.ActiveCfg = Release|iPhone
		{00610CBE-0B47-48E0-9D0E-FA60FC6E53DB}.Release|Any CPU.Build.0 = Release|iPhone
		{00610CBE-0B47-48E0-9D0E-FA60FC6E53DB}.Release|iPhone.ActiveCfg = Release|iPhone
		{00610CBE-0B47-48E0-9D0E-FA60FC6E53DB}.Release|iPhone.Build.0 = Release|iPhone
		{00610CBE-0B47-48E0-9D0E-FA60FC6E53DB}.Release|iPhoneSimulator.ActiveCfg = Release|iPhoneSimulator
		{00610CBE-0B47-48E0-9D0E-FA60FC6E53DB}.Release|iPhoneSimulator.Build.0 = Release|iPhoneSimulator
		{36C3729E-29E3-490C-8E82-76B9F052091C}.Debug|Any CPU.ActiveCfg = Debug|Any CPU
		{36C3729E-29E3-490C-8E82-76B9F052091C}.Debug|Any CPU.Build.0 = Debug|Any CPU
		{36C3729E-29E3-490C-8E82-76B9F052091C}.Debug|iPhone.ActiveCfg = Debug|Any CPU
		{36C3729E-29E3-490C-8E82-76B9F052091C}.Debug|iPhone.Build.0 = Debug|Any CPU
		{36C3729E-29E3-490C-8E82-76B9F052091C}.Debug|iPhoneSimulator.ActiveCfg = Debug|Any CPU
		{36C3729E-29E3-490C-8E82-76B9F052091C}.Debug|iPhoneSimulator.Build.0 = Debug|Any CPU
		{36C3729E-29E3-490C-8E82-76B9F052091C}.Release|Any CPU.ActiveCfg = Release|Any CPU
		{36C3729E-29E3-490C-8E82-76B9F052091C}.Release|Any CPU.Build.0 = Release|Any CPU
		{36C3729E-29E3-490C-8E82-76B9F052091C}.Release|iPhone.ActiveCfg = Release|Any CPU
		{36C3729E-29E3-490C-8E82-76B9F052091C}.Release|iPhone.Build.0 = Release|Any CPU
		{36C3729E-29E3-490C-8E82-76B9F052091C}.Release|iPhoneSimulator.ActiveCfg = Release|Any CPU
		{36C3729E-29E3-490C-8E82-76B9F052091C}.Release|iPhoneSimulator.Build.0 = Release|Any CPU
		{B13149AD-3E07-425A-941A-91432004CFCB}.Debug|Any CPU.ActiveCfg = Debug|Any CPU
		{B13149AD-3E07-425A-941A-91432004CFCB}.Debug|Any CPU.Build.0 = Debug|Any CPU
		{B13149AD-3E07-425A-941A-91432004CFCB}.Debug|iPhone.ActiveCfg = Debug|Any CPU
		{B13149AD-3E07-425A-941A-91432004CFCB}.Debug|iPhone.Build.0 = Debug|Any CPU
		{B13149AD-3E07-425A-941A-91432004CFCB}.Debug|iPhoneSimulator.ActiveCfg = Debug|Any CPU
		{B13149AD-3E07-425A-941A-91432004CFCB}.Debug|iPhoneSimulator.Build.0 = Debug|Any CPU
		{B13149AD-3E07-425A-941A-91432004CFCB}.Release|Any CPU.ActiveCfg = Release|Any CPU
		{B13149AD-3E07-425A-941A-91432004CFCB}.Release|Any CPU.Build.0 = Release|Any CPU
		{B13149AD-3E07-425A-941A-91432004CFCB}.Release|iPhone.ActiveCfg = Release|Any CPU
		{B13149AD-3E07-425A-941A-91432004CFCB}.Release|iPhone.Build.0 = Release|Any CPU
		{B13149AD-3E07-425A-941A-91432004CFCB}.Release|iPhoneSimulator.ActiveCfg = Release|Any CPU
		{B13149AD-3E07-425A-941A-91432004CFCB}.Release|iPhoneSimulator.Build.0 = Release|Any CPU
		{D52B17D5-B671-4429-88E1-A90BC1F363F5}.Debug|Any CPU.ActiveCfg = Debug|Any CPU
		{D52B17D5-B671-4429-88E1-A90BC1F363F5}.Debug|Any CPU.Build.0 = Debug|Any CPU
		{D52B17D5-B671-4429-88E1-A90BC1F363F5}.Debug|iPhone.ActiveCfg = Debug|Any CPU
		{D52B17D5-B671-4429-88E1-A90BC1F363F5}.Debug|iPhone.Build.0 = Debug|Any CPU
		{D52B17D5-B671-4429-88E1-A90BC1F363F5}.Debug|iPhoneSimulator.ActiveCfg = Debug|Any CPU
		{D52B17D5-B671-4429-88E1-A90BC1F363F5}.Debug|iPhoneSimulator.Build.0 = Debug|Any CPU
		{D52B17D5-B671-4429-88E1-A90BC1F363F5}.Release|Any CPU.ActiveCfg = Release|Any CPU
		{D52B17D5-B671-4429-88E1-A90BC1F363F5}.Release|Any CPU.Build.0 = Release|Any CPU
		{D52B17D5-B671-4429-88E1-A90BC1F363F5}.Release|iPhone.ActiveCfg = Release|Any CPU
		{D52B17D5-B671-4429-88E1-A90BC1F363F5}.Release|iPhone.Build.0 = Release|Any CPU
		{D52B17D5-B671-4429-88E1-A90BC1F363F5}.Release|iPhoneSimulator.ActiveCfg = Release|Any CPU
		{D52B17D5-B671-4429-88E1-A90BC1F363F5}.Release|iPhoneSimulator.Build.0 = Release|Any CPU
	EndGlobalSection
EndGlobal
